
Microsoft Visual Studio Solution File, Format Version 12.00
# Visual Studio 15
VisualStudioVersion = 15.0.26124.0
MinimumVisualStudioVersion = 15.0.26124.0
Project("{2150E333-8FDC-42A3-9474-1A3956D46DE8}") = "src", "src", "{7A67F2D4-96A4-4F7C-BE37-A4D36C6D751E}"
EndProject
Project("{FAE04EC0-301F-11D3-BF4B-00C04F79EFBC}") = "YetAnotherTodoApp.Api", "src\YetAnotherTodoApp.Api\YetAnotherTodoApp.Api.csproj", "{9C491DDF-40ED-4DF9-9EB1-42FE028DA27D}"
EndProject
Project("{FAE04EC0-301F-11D3-BF4B-00C04F79EFBC}") = "YetAnotherTodoApp.Application", "src\YetAnotherTodoApp.Application\YetAnotherTodoApp.Application.csproj", "{5D2EB71E-504D-43BB-88A0-57BC2B194281}"
EndProject
Project("{FAE04EC0-301F-11D3-BF4B-00C04F79EFBC}") = "YetAnotherTodoApp.Domain", "src\YetAnotherTodoApp.Domain\YetAnotherTodoApp.Domain.csproj", "{55A7D44B-7AB0-4B6B-87CC-FD45E0ACB611}"
EndProject
Project("{FAE04EC0-301F-11D3-BF4B-00C04F79EFBC}") = "YetAnotherTodoApp.Infrastructure", "src\YetAnotherTodoApp.Infrastructure\YetAnotherTodoApp.Infrastructure.csproj", "{969BCE7E-F4AD-4ABA-88CF-B6C6B2BAB5DD}"
EndProject
Global
	GlobalSection(SolutionConfigurationPlatforms) = preSolution
		Debug|Any CPU = Debug|Any CPU
		Debug|x64 = Debug|x64
		Debug|x86 = Debug|x86
		Release|Any CPU = Release|Any CPU
		Release|x64 = Release|x64
		Release|x86 = Release|x86
	EndGlobalSection
	GlobalSection(SolutionProperties) = preSolution
		HideSolutionNode = FALSE
	EndGlobalSection
	GlobalSection(ProjectConfigurationPlatforms) = postSolution
		{9C491DDF-40ED-4DF9-9EB1-42FE028DA27D}.Debug|Any CPU.ActiveCfg = Debug|Any CPU
		{9C491DDF-40ED-4DF9-9EB1-42FE028DA27D}.Debug|Any CPU.Build.0 = Debug|Any CPU
		{9C491DDF-40ED-4DF9-9EB1-42FE028DA27D}.Debug|x64.ActiveCfg = Debug|Any CPU
		{9C491DDF-40ED-4DF9-9EB1-42FE028DA27D}.Debug|x64.Build.0 = Debug|Any CPU
		{9C491DDF-40ED-4DF9-9EB1-42FE028DA27D}.Debug|x86.ActiveCfg = Debug|Any CPU
		{9C491DDF-40ED-4DF9-9EB1-42FE028DA27D}.Debug|x86.Build.0 = Debug|Any CPU
		{9C491DDF-40ED-4DF9-9EB1-42FE028DA27D}.Release|Any CPU.ActiveCfg = Release|Any CPU
		{9C491DDF-40ED-4DF9-9EB1-42FE028DA27D}.Release|Any CPU.Build.0 = Release|Any CPU
		{9C491DDF-40ED-4DF9-9EB1-42FE028DA27D}.Release|x64.ActiveCfg = Release|Any CPU
		{9C491DDF-40ED-4DF9-9EB1-42FE028DA27D}.Release|x64.Build.0 = Release|Any CPU
		{9C491DDF-40ED-4DF9-9EB1-42FE028DA27D}.Release|x86.ActiveCfg = Release|Any CPU
		{9C491DDF-40ED-4DF9-9EB1-42FE028DA27D}.Release|x86.Build.0 = Release|Any CPU
		{5D2EB71E-504D-43BB-88A0-57BC2B194281}.Debug|Any CPU.ActiveCfg = Debug|Any CPU
		{5D2EB71E-504D-43BB-88A0-57BC2B194281}.Debug|Any CPU.Build.0 = Debug|Any CPU
		{5D2EB71E-504D-43BB-88A0-57BC2B194281}.Debug|x64.ActiveCfg = Debug|Any CPU
		{5D2EB71E-504D-43BB-88A0-57BC2B194281}.Debug|x64.Build.0 = Debug|Any CPU
		{5D2EB71E-504D-43BB-88A0-57BC2B194281}.Debug|x86.ActiveCfg = Debug|Any CPU
		{5D2EB71E-504D-43BB-88A0-57BC2B194281}.Debug|x86.Build.0 = Debug|Any CPU
		{5D2EB71E-504D-43BB-88A0-57BC2B194281}.Release|Any CPU.ActiveCfg = Release|Any CPU
		{5D2EB71E-504D-43BB-88A0-57BC2B194281}.Release|Any CPU.Build.0 = Release|Any CPU
		{5D2EB71E-504D-43BB-88A0-57BC2B194281}.Release|x64.ActiveCfg = Release|Any CPU
		{5D2EB71E-504D-43BB-88A0-57BC2B194281}.Release|x64.Build.0 = Release|Any CPU
		{5D2EB71E-504D-43BB-88A0-57BC2B194281}.Release|x86.ActiveCfg = Release|Any CPU
		{5D2EB71E-504D-43BB-88A0-57BC2B194281}.Release|x86.Build.0 = Release|Any CPU
		{55A7D44B-7AB0-4B6B-87CC-FD45E0ACB611}.Debug|Any CPU.ActiveCfg = Debug|Any CPU
		{55A7D44B-7AB0-4B6B-87CC-FD45E0ACB611}.Debug|Any CPU.Build.0 = Debug|Any CPU
		{55A7D44B-7AB0-4B6B-87CC-FD45E0ACB611}.Debug|x64.ActiveCfg = Debug|Any CPU
		{55A7D44B-7AB0-4B6B-87CC-FD45E0ACB611}.Debug|x64.Build.0 = Debug|Any CPU
		{55A7D44B-7AB0-4B6B-87CC-FD45E0ACB611}.Debug|x86.ActiveCfg = Debug|Any CPU
		{55A7D44B-7AB0-4B6B-87CC-FD45E0ACB611}.Debug|x86.Build.0 = Debug|Any CPU
		{55A7D44B-7AB0-4B6B-87CC-FD45E0ACB611}.Release|Any CPU.ActiveCfg = Release|Any CPU
		{55A7D44B-7AB0-4B6B-87CC-FD45E0ACB611}.Release|Any CPU.Build.0 = Release|Any CPU
		{55A7D44B-7AB0-4B6B-87CC-FD45E0ACB611}.Release|x64.ActiveCfg = Release|Any CPU
		{55A7D44B-7AB0-4B6B-87CC-FD45E0ACB611}.Release|x64.Build.0 = Release|Any CPU
		{55A7D44B-7AB0-4B6B-87CC-FD45E0ACB611}.Release|x86.ActiveCfg = Release|Any CPU
		{55A7D44B-7AB0-4B6B-87CC-FD45E0ACB611}.Release|x86.Build.0 = Release|Any CPU
		{969BCE7E-F4AD-4ABA-88CF-B6C6B2BAB5DD}.Debug|Any CPU.ActiveCfg = Debug|Any CPU
		{969BCE7E-F4AD-4ABA-88CF-B6C6B2BAB5DD}.Debug|Any CPU.Build.0 = Debug|Any CPU
		{969BCE7E-F4AD-4ABA-88CF-B6C6B2BAB5DD}.Debug|x64.ActiveCfg = Debug|Any CPU
		{969BCE7E-F4AD-4ABA-88CF-B6C6B2BAB5DD}.Debug|x64.Build.0 = Debug|Any CPU
		{969BCE7E-F4AD-4ABA-88CF-B6C6B2BAB5DD}.Debug|x86.ActiveCfg = Debug|Any CPU
		{969BCE7E-F4AD-4ABA-88CF-B6C6B2BAB5DD}.Debug|x86.Build.0 = Debug|Any CPU
		{969BCE7E-F4AD-4ABA-88CF-B6C6B2BAB5DD}.Release|Any CPU.ActiveCfg = Release|Any CPU
		{969BCE7E-F4AD-4ABA-88CF-B6C6B2BAB5DD}.Release|Any CPU.Build.0 = Release|Any CPU
		{969BCE7E-F4AD-4ABA-88CF-B6C6B2BAB5DD}.Release|x64.ActiveCfg = Release|Any CPU
		{969BCE7E-F4AD-4ABA-88CF-B6C6B2BAB5DD}.Release|x64.Build.0 = Release|Any CPU
		{969BCE7E-F4AD-4ABA-88CF-B6C6B2BAB5DD}.Release|x86.ActiveCfg = Release|Any CPU
		{969BCE7E-F4AD-4ABA-88CF-B6C6B2BAB5DD}.Release|x86.Build.0 = Release|Any CPU
	EndGlobalSection
	GlobalSection(NestedProjects) = preSolution
		{9C491DDF-40ED-4DF9-9EB1-42FE028DA27D} = {7A67F2D4-96A4-4F7C-BE37-A4D36C6D751E}
		{5D2EB71E-504D-43BB-88A0-57BC2B194281} = {7A67F2D4-96A4-4F7C-BE37-A4D36C6D751E}
		{55A7D44B-7AB0-4B6B-87CC-FD45E0ACB611} = {7A67F2D4-96A4-4F7C-BE37-A4D36C6D751E}
		{969BCE7E-F4AD-4ABA-88CF-B6C6B2BAB5DD} = {7A67F2D4-96A4-4F7C-BE37-A4D36C6D751E}
	EndGlobalSection
EndGlobal
